
Microsoft Visual Studio Solution File, Format Version 12.00
# Visual Studio Version 17
VisualStudioVersion = 17.10.35013.160
MinimumVisualStudioVersion = 10.0.40219.1
Project("{FAE04EC0-301F-11D3-BF4B-00C04F79EFBC}") = "WindowsFormsApp5", "WindowsFormsApp5.csproj", "{5941EA15-0D16-49AB-8CE6-DA846E58F4B8}"
EndProject
Global
	GlobalSection(SolutionConfigurationPlatforms) = preSolution
		Debug|Any CPU = Debug|Any CPU
		Release|Any CPU = Release|Any CPU
	EndGlobalSection
	GlobalSection(ProjectConfigurationPlatforms) = postSolution
		{5941EA15-0D16-49AB-8CE6-DA846E58F4B8}.Debug|Any CPU.ActiveCfg = Debug|Any CPU
		{5941EA15-0D16-49AB-8CE6-DA846E58F4B8}.Debug|Any CPU.Build.0 = Debug|Any CPU
		{5941EA15-0D16-49AB-8CE6-DA846E58F4B8}.Release|Any CPU.ActiveCfg = Release|Any CPU
		{5941EA15-0D16-49AB-8CE6-DA846E58F4B8}.Release|Any CPU.Build.0 = Release|Any CPU
	EndGlobalSection
	GlobalSection(SolutionProperties) = preSolution
		HideSolutionNode = FALSE
	EndGlobalSection
	GlobalSection(ExtensibilityGlobals) = postSolution
		SolutionGuid = {CFA54F6B-8FFE-4D4B-8330-395937CC5D62}
	EndGlobalSection
EndGlobal
